
Microsoft Visual Studio Solution File, Format Version 12.00
# Visual Studio Version 16
VisualStudioVersion = 16.0.28922.388
MinimumVisualStudioVersion = 10.0.40219.1
Project("{FAE04EC0-301F-11D3-BF4B-00C04F79EFBC}") = "WhatchaDoin", "WhatchaDoin\WhatchaDoin.csproj", "{074DEFCE-86A9-4656-8AE9-5A371292C358}"
EndProject
Project("{54435603-DBB4-11D2-8724-00A0C9A8B90C}") = "Setup", "Setup.vdproj", "{6135CD25-DFB2-44A2-A2E4-128EDCFBD6BC}"
EndProject
Global
	GlobalSection(SolutionConfigurationPlatforms) = preSolution
		Debug|Any CPU = Debug|Any CPU
		Release|Any CPU = Release|Any CPU
	EndGlobalSection
	GlobalSection(ProjectConfigurationPlatforms) = postSolution
		{074DEFCE-86A9-4656-8AE9-5A371292C358}.Debug|Any CPU.ActiveCfg = Debug|Any CPU
		{074DEFCE-86A9-4656-8AE9-5A371292C358}.Debug|Any CPU.Build.0 = Debug|Any CPU
		{074DEFCE-86A9-4656-8AE9-5A371292C358}.Release|Any CPU.ActiveCfg = Release|Any CPU
		{074DEFCE-86A9-4656-8AE9-5A371292C358}.Release|Any CPU.Build.0 = Release|Any CPU
		{6135CD25-DFB2-44A2-A2E4-128EDCFBD6BC}.Debug|Any CPU.ActiveCfg = Debug
		{6135CD25-DFB2-44A2-A2E4-128EDCFBD6BC}.Debug|Any CPU.Build.0 = Debug
		{6135CD25-DFB2-44A2-A2E4-128EDCFBD6BC}.Release|Any CPU.ActiveCfg = Release
	EndGlobalSection
	GlobalSection(SolutionProperties) = preSolution
		HideSolutionNode = FALSE
	EndGlobalSection
	GlobalSection(ExtensibilityGlobals) = postSolution
		SolutionGuid = {4161F13C-262B-4905-9024-912AAAD474B1}
	EndGlobalSection
EndGlobal
